# This file was autogenerated by uv via the following command:
#    uv pip compile src\controlplane\pyproject.toml --output-file src\controlplane\requirements.lock
annotated-doc==0.0.5
    # via fastapi
annotated-types==0.8.0
    # via pydantic
anyio==4.15.1
    # via
    #   httpx
    #   starlette
certifi==2026.7.22
    # via
    #   httpcore
    #   httpx
click==8.5.0
    # via uvicorn
fastapi==0.141.1
    # via controlplane (src/controlplane/pyproject.toml)
h11==0.16.0
    # via
    #   httpcore
    #   uvicorn
httpcore==1.0.9
    # via httpx
httpx==0.28.1
    # via controlplane (src/controlplane/pyproject.toml)
idna==3.19
    # via
    #   anyio
    #   httpx
psycopg==3.3.5
    # via controlplane (src/controlplane/pyproject.toml)
psycopg-binary==3.3.5
    # via psycopg
psycopg-pool==3.3.1
    # via psycopg
pydantic==2.13.5
    # via
    #   controlplane (src/controlplane/pyproject.toml)
    #   fastapi
pydantic-core==2.46.5
    # via pydantic
starlette==1.6.0
    # via fastapi
typing-extensions==4.16.0
    # via
    #   anyio
    #   fastapi
    #   psycopg-pool
    #   pydantic
    #   pydantic-core
    #   typing-inspection
typing-inspection==0.4.4
    # via
    #   fastapi
    #   pydantic
tzdata==2026.4
    # via psycopg
uvicorn==0.52.4
    # via controlplane (src/controlplane/pyproject.toml)
